
Microsoft Visual Studio Solution File, Format Version 12.00
# Visual Studio 15
VisualStudioVersion = 15.0.27703.2000
MinimumVisualStudioVersion = 10.0.40219.1
Project("{FAE04EC0-301F-11D3-BF4B-00C04F79EFBC}") = "EFCoreUWP", "EFCoreUWP\EFCoreUWP.csproj", "{B039BE66-D8DE-4546-BEFC-C379D2C277D2}"
EndProject
Project("{FAE04EC0-301F-11D3-BF4B-00C04F79EFBC}") = "EFCoreModelLibrary", "EFCoreModelLibrary\EFCoreModelLibrary.csproj", "{8B71C8F7-9B42-4086-88C7-204E7110D3B1}"
EndProject
Project("{FAE04EC0-301F-11D3-BF4B-00C04F79EFBC}") = "DataAccessModel", "DataAccessModel\DataAccessModel.csproj", "{BE4880C4-BC03-4905-ACF3-B497A77E8B5B}"
EndProject
Global
	GlobalSection(SolutionConfigurationPlatforms) = preSolution
		Debug|Any CPU = Debug|Any CPU
		Debug|ARM = Debug|ARM
		Debug|x64 = Debug|x64
		Debug|x86 = Debug|x86
		Release|Any CPU = Release|Any CPU
		Release|ARM = Release|ARM
		Release|x64 = Release|x64
		Release|x86 = Release|x86
	EndGlobalSection
	GlobalSection(ProjectConfigurationPlatforms) = postSolution
		{B039BE66-D8DE-4546-BEFC-C379D2C277D2}.Debug|Any CPU.ActiveCfg = Debug|x86
		{B039BE66-D8DE-4546-BEFC-C379D2C277D2}.Debug|ARM.ActiveCfg = Debug|ARM
		{B039BE66-D8DE-4546-BEFC-C379D2C277D2}.Debug|ARM.Build.0 = Debug|ARM
		{B039BE66-D8DE-4546-BEFC-C379D2C277D2}.Debug|ARM.Deploy.0 = Debug|ARM
		{B039BE66-D8DE-4546-BEFC-C379D2C277D2}.Debug|x64.ActiveCfg = Debug|x64
		{B039BE66-D8DE-4546-BEFC-C379D2C277D2}.Debug|x64.Build.0 = Debug|x64
		{B039BE66-D8DE-4546-BEFC-C379D2C277D2}.Debug|x64.Deploy.0 = Debug|x64
		{B039BE66-D8DE-4546-BEFC-C379D2C277D2}.Debug|x86.ActiveCfg = Debug|x86
		{B039BE66-D8DE-4546-BEFC-C379D2C277D2}.Debug|x86.Build.0 = Debug|x86
		{B039BE66-D8DE-4546-BEFC-C379D2C277D2}.Debug|x86.Deploy.0 = Debug|x86
		{B039BE66-D8DE-4546-BEFC-C379D2C277D2}.Release|Any CPU.ActiveCfg = Release|x86
		{B039BE66-D8DE-4546-BEFC-C379D2C277D2}.Release|ARM.ActiveCfg = Release|ARM
		{B039BE66-D8DE-4546-BEFC-C379D2C277D2}.Release|ARM.Build.0 = Release|ARM
		{B039BE66-D8DE-4546-BEFC-C379D2C277D2}.Release|ARM.Deploy.0 = Release|ARM
		{B039BE66-D8DE-4546-BEFC-C379D2C277D2}.Release|x64.ActiveCfg = Release|x64
		{B039BE66-D8DE-4546-BEFC-C379D2C277D2}.Release|x64.Build.0 = Release|x64
		{B039BE66-D8DE-4546-BEFC-C379D2C277D2}.Release|x64.Deploy.0 = Release|x64
		{B039BE66-D8DE-4546-BEFC-C379D2C277D2}.Release|x86.ActiveCfg = Release|x86
		{B039BE66-D8DE-4546-BEFC-C379D2C277D2}.Release|x86.Build.0 = Release|x86
		{B039BE66-D8DE-4546-BEFC-C379D2C277D2}.Release|x86.Deploy.0 = Release|x86
		{8B71C8F7-9B42-4086-88C7-204E7110D3B1}.Debug|Any CPU.ActiveCfg = Debug|Any CPU
		{8B71C8F7-9B42-4086-88C7-204E7110D3B1}.Debug|Any CPU.Build.0 = Debug|Any CPU
		{8B71C8F7-9B42-4086-88C7-204E7110D3B1}.Debug|ARM.ActiveCfg = Debug|Any CPU
		{8B71C8F7-9B42-4086-88C7-204E7110D3B1}.Debug|ARM.Build.0 = Debug|Any CPU
		{8B71C8F7-9B42-4086-88C7-204E7110D3B1}.Debug|x64.ActiveCfg = Debug|Any CPU
		{8B71C8F7-9B42-4086-88C7-204E7110D3B1}.Debug|x64.Build.0 = Debug|Any CPU
		{8B71C8F7-9B42-4086-88C7-204E7110D3B1}.Debug|x86.ActiveCfg = Debug|Any CPU
		{8B71C8F7-9B42-4086-88C7-204E7110D3B1}.Debug|x86.Build.0 = Debug|Any CPU
		{8B71C8F7-9B42-4086-88C7-204E7110D3B1}.Release|Any CPU.ActiveCfg = Release|Any CPU
		{8B71C8F7-9B42-4086-88C7-204E7110D3B1}.Release|Any CPU.Build.0 = Release|Any CPU
		{8B71C8F7-9B42-4086-88C7-204E7110D3B1}.Release|ARM.ActiveCfg = Release|Any CPU
		{8B71C8F7-9B42-4086-88C7-204E7110D3B1}.Release|ARM.Build.0 = Release|Any CPU
		{8B71C8F7-9B42-4086-88C7-204E7110D3B1}.Release|x64.ActiveCfg = Release|Any CPU
		{8B71C8F7-9B42-4086-88C7-204E7110D3B1}.Release|x64.Build.0 = Release|Any CPU
		{8B71C8F7-9B42-4086-88C7-204E7110D3B1}.Release|x86.ActiveCfg = Release|Any CPU
		{8B71C8F7-9B42-4086-88C7-204E7110D3B1}.Release|x86.Build.0 = Release|Any CPU
		{BE4880C4-BC03-4905-ACF3-B497A77E8B5B}.Debug|Any CPU.ActiveCfg = Debug|Any CPU
		{BE4880C4-BC03-4905-ACF3-B497A77E8B5B}.Debug|Any CPU.Build.0 = Debug|Any CPU
		{BE4880C4-BC03-4905-ACF3-B497A77E8B5B}.Debug|ARM.ActiveCfg = Debug|Any CPU
		{BE4880C4-BC03-4905-ACF3-B497A77E8B5B}.Debug|ARM.Build.0 = Debug|Any CPU
		{BE4880C4-BC03-4905-ACF3-B497A77E8B5B}.Debug|x64.ActiveCfg = Debug|Any CPU
		{BE4880C4-BC03-4905-ACF3-B497A77E8B5B}.Debug|x64.Build.0 = Debug|Any CPU
		{BE4880C4-BC03-4905-ACF3-B497A77E8B5B}.Debug|x86.ActiveCfg = Debug|Any CPU
		{BE4880C4-BC03-4905-ACF3-B497A77E8B5B}.Debug|x86.Build.0 = Debug|Any CPU
		{BE4880C4-BC03-4905-ACF3-B497A77E8B5B}.Release|Any CPU.ActiveCfg = Release|Any CPU
		{BE4880C4-BC03-4905-ACF3-B497A77E8B5B}.Release|Any CPU.Build.0 = Release|Any CPU
		{BE4880C4-BC03-4905-ACF3-B497A77E8B5B}.Release|ARM.ActiveCfg = Release|Any CPU
		{BE4880C4-BC03-4905-ACF3-B497A77E8B5B}.Release|ARM.Build.0 = Release|Any CPU
		{BE4880C4-BC03-4905-ACF3-B497A77E8B5B}.Release|x64.ActiveCfg = Release|Any CPU
		{BE4880C4-BC03-4905-ACF3-B497A77E8B5B}.Release|x64.Build.0 = Release|Any CPU
		{BE4880C4-BC03-4905-ACF3-B497A77E8B5B}.Release|x86.ActiveCfg = Release|Any CPU
		{BE4880C4-BC03-4905-ACF3-B497A77E8B5B}.Release|x86.Build.0 = Release|Any CPU
	EndGlobalSection
	GlobalSection(SolutionProperties) = preSolution
		HideSolutionNode = FALSE
	EndGlobalSection
	GlobalSection(ExtensibilityGlobals) = postSolution
		SolutionGuid = {CC0565BC-B8EE-4AC6-95D7-8CA28DB24DCB}
	EndGlobalSection
EndGlobal
